
Microsoft Visual Studio Solution File, Format Version 12.00
# Visual Studio Version 16
VisualStudioVersion = 16.0.29503.13
MinimumVisualStudioVersion = 10.0.40219.1
Project("{FAE04EC0-301F-11D3-BF4B-00C04F79EFBC}") = "PuzzleGame", "PuzzleGame\PuzzleGame.csproj", "{0DEA67C3-4F82-49A5-8A65-F572706F7A16}"
EndProject
Global
	GlobalSection(SolutionConfigurationPlatforms) = preSolution
		Debug|Any CPU = Debug|Any CPU
		Release|Any CPU = Release|Any CPU
	EndGlobalSection
	GlobalSection(ProjectConfigurationPlatforms) = postSolution
		{0DEA67C3-4F82-49A5-8A65-F572706F7A16}.Debug|Any CPU.ActiveCfg = Debug|Any CPU
		{0DEA67C3-4F82-49A5-8A65-F572706F7A16}.Debug|Any CPU.Build.0 = Debug|Any CPU
		{0DEA67C3-4F82-49A5-8A65-F572706F7A16}.Release|Any CPU.ActiveCfg = Release|Any CPU
		{0DEA67C3-4F82-49A5-8A65-F572706F7A16}.Release|Any CPU.Build.0 = Release|Any CPU
	EndGlobalSection
	GlobalSection(SolutionProperties) = preSolution
		HideSolutionNode = FALSE
	EndGlobalSection
	GlobalSection(ExtensibilityGlobals) = postSolution
		SolutionGuid = {2D6A8D7A-304C-4260-97A5-BC9021174BB5}
	EndGlobalSection
EndGlobal
